
Microsoft Visual Studio Solution File, Format Version 11.00
# Visual Studio 2010
Project("{FAE04EC0-301F-11D3-BF4B-00C04F79EFBC}") = "Sorter", "Sorter\Sorter.csproj", "{C426B912-733B-42D9-9532-15B9853E7C6E}"
EndProject
Global
	GlobalSection(SolutionConfigurationPlatforms) = preSolution
		Debug|Any CPU = Debug|Any CPU
		Release|Any CPU = Release|Any CPU
	EndGlobalSection
	GlobalSection(ProjectConfigurationPlatforms) = postSolution
		{C426B912-733B-42D9-9532-15B9853E7C6E}.Debug|Any CPU.ActiveCfg = Debug|Any CPU
		{C426B912-733B-42D9-9532-15B9853E7C6E}.Debug|Any CPU.Build.0 = Debug|Any CPU
		{C426B912-733B-42D9-9532-15B9853E7C6E}.Release|Any CPU.ActiveCfg = Release|Any CPU
		{C426B912-733B-42D9-9532-15B9853E7C6E}.Release|Any CPU.Build.0 = Release|Any CPU
	EndGlobalSection
	GlobalSection(SolutionProperties) = preSolution
		HideSolutionNode = FALSE
	EndGlobalSection
EndGlobal
