
Microsoft Visual Studio Solution File, Format Version 11.00
# Visual Studio 2010
Project("{FAE04EC0-301F-11D3-BF4B-00C04F79EFBC}") = "AdvancedConditionals", "AdvancedConditionals\AdvancedConditionals.csproj", "{43648FBD-3E9A-450B-9118-D3A1AC8206D1}"
EndProject
Global
	GlobalSection(SolutionConfigurationPlatforms) = preSolution
		Debug|x86 = Debug|x86
		Release|x86 = Release|x86
	EndGlobalSection
	GlobalSection(ProjectConfigurationPlatforms) = postSolution
		{43648FBD-3E9A-450B-9118-D3A1AC8206D1}.Debug|x86.ActiveCfg = Debug|x86
		{43648FBD-3E9A-450B-9118-D3A1AC8206D1}.Debug|x86.Build.0 = Debug|x86
		{43648FBD-3E9A-450B-9118-D3A1AC8206D1}.Release|x86.ActiveCfg = Release|x86
		{43648FBD-3E9A-450B-9118-D3A1AC8206D1}.Release|x86.Build.0 = Release|x86
	EndGlobalSection
	GlobalSection(SolutionProperties) = preSolution
		HideSolutionNode = FALSE
	EndGlobalSection
EndGlobal
