
Microsoft Visual Studio Solution File, Format Version 12.00
# Visual Studio 2013
VisualStudioVersion = 12.0.30501.0
MinimumVisualStudioVersion = 10.0.40219.1
Project("{FAE04EC0-301F-11D3-BF4B-00C04F79EFBC}") = "Sorter", "Sorter\Sorter.csproj", "{C426B912-733B-42D9-9532-15B9853E7C6E}"
EndProject
Project("{FAE04EC0-301F-11D3-BF4B-00C04F79EFBC}") = "SortThings", "SortThings\SortThings.csproj", "{022AFB4B-2AE5-4159-A8EF-7521C7C5A342}"
EndProject
Project("{2150E333-8FDC-42A3-9474-1A3956D46DE8}") = "Solution Items", "Solution Items", "{3A73FD79-F6E4-48AD-B6E2-D29D3DB00DF7}"
EndProject
Project("{FAE04EC0-301F-11D3-BF4B-00C04F79EFBC}") = "SorterTests", "SorterTests\SorterTests.csproj", "{BB4E08D9-1F6D-4671-8648-D786F8A7883F}"
EndProject
Global
	GlobalSection(SolutionConfigurationPlatforms) = preSolution
		Debug|Any CPU = Debug|Any CPU
		Release|Any CPU = Release|Any CPU
	EndGlobalSection
	GlobalSection(ProjectConfigurationPlatforms) = postSolution
		{C426B912-733B-42D9-9532-15B9853E7C6E}.Debug|Any CPU.ActiveCfg = Debug|Any CPU
		{C426B912-733B-42D9-9532-15B9853E7C6E}.Debug|Any CPU.Build.0 = Debug|Any CPU
		{C426B912-733B-42D9-9532-15B9853E7C6E}.Release|Any CPU.ActiveCfg = Release|Any CPU
		{C426B912-733B-42D9-9532-15B9853E7C6E}.Release|Any CPU.Build.0 = Release|Any CPU
		{022AFB4B-2AE5-4159-A8EF-7521C7C5A342}.Debug|Any CPU.ActiveCfg = Debug|Any CPU
		{022AFB4B-2AE5-4159-A8EF-7521C7C5A342}.Debug|Any CPU.Build.0 = Debug|Any CPU
		{022AFB4B-2AE5-4159-A8EF-7521C7C5A342}.Release|Any CPU.ActiveCfg = Release|Any CPU
		{022AFB4B-2AE5-4159-A8EF-7521C7C5A342}.Release|Any CPU.Build.0 = Release|Any CPU
		{BB4E08D9-1F6D-4671-8648-D786F8A7883F}.Debug|Any CPU.ActiveCfg = Debug|Any CPU
		{BB4E08D9-1F6D-4671-8648-D786F8A7883F}.Debug|Any CPU.Build.0 = Debug|Any CPU
		{BB4E08D9-1F6D-4671-8648-D786F8A7883F}.Release|Any CPU.ActiveCfg = Release|Any CPU
		{BB4E08D9-1F6D-4671-8648-D786F8A7883F}.Release|Any CPU.Build.0 = Release|Any CPU
	EndGlobalSection
	GlobalSection(SolutionProperties) = preSolution
		HideSolutionNode = FALSE
	EndGlobalSection
EndGlobal
