
Microsoft Visual Studio Solution File, Format Version 12.00
# Visual Studio 2013
VisualStudioVersion = 12.0.30501.0
MinimumVisualStudioVersion = 10.0.40219.1
Project("{FAE04EC0-301F-11D3-BF4B-00C04F79EFBC}") = "WindowsFormsApplication1", "WindowsFormsApplication1\WindowsFormsApplication1.csproj", "{78AAD863-5196-4D99-9F25-C6322078B252}"
EndProject
Global
	GlobalSection(SolutionConfigurationPlatforms) = preSolution
		Debug|Any CPU = Debug|Any CPU
		Release|Any CPU = Release|Any CPU
	EndGlobalSection
	GlobalSection(ProjectConfigurationPlatforms) = postSolution
		{78AAD863-5196-4D99-9F25-C6322078B252}.Debug|Any CPU.ActiveCfg = Debug|Any CPU
		{78AAD863-5196-4D99-9F25-C6322078B252}.Debug|Any CPU.Build.0 = Debug|Any CPU
		{78AAD863-5196-4D99-9F25-C6322078B252}.Release|Any CPU.ActiveCfg = Release|Any CPU
		{78AAD863-5196-4D99-9F25-C6322078B252}.Release|Any CPU.Build.0 = Release|Any CPU
	EndGlobalSection
	GlobalSection(SolutionProperties) = preSolution
		HideSolutionNode = FALSE
	EndGlobalSection
EndGlobal
