
Microsoft Visual Studio Solution File, Format Version 12.00
# Visual Studio 2013
VisualStudioVersion = 12.0.21005.1
MinimumVisualStudioVersion = 10.0.40219.1
Project("{FAE04EC0-301F-11D3-BF4B-00C04F79EFBC}") = "HW1 Super-duper extra credit", "HW1 Super-duper extra credit\HW1 Super-duper extra credit.csproj", "{EE11B516-F6A3-4CF8-AE5F-7709E25AA138}"
EndProject
Global
	GlobalSection(SolutionConfigurationPlatforms) = preSolution
		Debug|Any CPU = Debug|Any CPU
		Release|Any CPU = Release|Any CPU
	EndGlobalSection
	GlobalSection(ProjectConfigurationPlatforms) = postSolution
		{EE11B516-F6A3-4CF8-AE5F-7709E25AA138}.Debug|Any CPU.ActiveCfg = Debug|Any CPU
		{EE11B516-F6A3-4CF8-AE5F-7709E25AA138}.Debug|Any CPU.Build.0 = Debug|Any CPU
		{EE11B516-F6A3-4CF8-AE5F-7709E25AA138}.Release|Any CPU.ActiveCfg = Release|Any CPU
		{EE11B516-F6A3-4CF8-AE5F-7709E25AA138}.Release|Any CPU.Build.0 = Release|Any CPU
	EndGlobalSection
	GlobalSection(SolutionProperties) = preSolution
		HideSolutionNode = FALSE
	EndGlobalSection
EndGlobal
