
Microsoft Visual Studio Solution File, Format Version 12.00
# Visual Studio 2013
VisualStudioVersion = 12.0.30501.0
MinimumVisualStudioVersion = 10.0.40219.1
Project("{FAE04EC0-301F-11D3-BF4B-00C04F79EFBC}") = "Homework 5 Triangles", "Homework 5 Triangles\Homework 5 Triangles.csproj", "{2FC372C1-7731-47C0-A91A-4B458BABA24D}"
EndProject
Project("{FAE04EC0-301F-11D3-BF4B-00C04F79EFBC}") = "TriangleTyper", "TriangleTyper\TriangleTyper.csproj", "{6AB84723-7936-4637-A25E-697800736012}"
EndProject
Project("{FAE04EC0-301F-11D3-BF4B-00C04F79EFBC}") = "TestCases", "TestCases\TestCases.csproj", "{19545E0D-1E96-49B8-8017-0990344C222A}"
EndProject
Global
	GlobalSection(SolutionConfigurationPlatforms) = preSolution
		Debug|Any CPU = Debug|Any CPU
		Release|Any CPU = Release|Any CPU
	EndGlobalSection
	GlobalSection(ProjectConfigurationPlatforms) = postSolution
		{2FC372C1-7731-47C0-A91A-4B458BABA24D}.Debug|Any CPU.ActiveCfg = Debug|Any CPU
		{2FC372C1-7731-47C0-A91A-4B458BABA24D}.Debug|Any CPU.Build.0 = Debug|Any CPU
		{2FC372C1-7731-47C0-A91A-4B458BABA24D}.Release|Any CPU.ActiveCfg = Release|Any CPU
		{2FC372C1-7731-47C0-A91A-4B458BABA24D}.Release|Any CPU.Build.0 = Release|Any CPU
		{6AB84723-7936-4637-A25E-697800736012}.Debug|Any CPU.ActiveCfg = Debug|Any CPU
		{6AB84723-7936-4637-A25E-697800736012}.Debug|Any CPU.Build.0 = Debug|Any CPU
		{6AB84723-7936-4637-A25E-697800736012}.Release|Any CPU.ActiveCfg = Release|Any CPU
		{6AB84723-7936-4637-A25E-697800736012}.Release|Any CPU.Build.0 = Release|Any CPU
		{19545E0D-1E96-49B8-8017-0990344C222A}.Debug|Any CPU.ActiveCfg = Debug|Any CPU
		{19545E0D-1E96-49B8-8017-0990344C222A}.Debug|Any CPU.Build.0 = Debug|Any CPU
		{19545E0D-1E96-49B8-8017-0990344C222A}.Release|Any CPU.ActiveCfg = Release|Any CPU
		{19545E0D-1E96-49B8-8017-0990344C222A}.Release|Any CPU.Build.0 = Release|Any CPU
	EndGlobalSection
	GlobalSection(SolutionProperties) = preSolution
		HideSolutionNode = FALSE
	EndGlobalSection
EndGlobal
