
Microsoft Visual Studio Solution File, Format Version 12.00
# Visual Studio 2013
VisualStudioVersion = 12.0.21005.1
MinimumVisualStudioVersion = 10.0.40219.1
Project("{FAE04EC0-301F-11D3-BF4B-00C04F79EFBC}") = "HappyBirthday", "HappyBirthday\HappyBirthday.csproj", "{878E56D0-9921-4521-A064-16B811EEF25E}"
EndProject
Global
	GlobalSection(SolutionConfigurationPlatforms) = preSolution
		Debug|Any CPU = Debug|Any CPU
		Release|Any CPU = Release|Any CPU
	EndGlobalSection
	GlobalSection(ProjectConfigurationPlatforms) = postSolution
		{878E56D0-9921-4521-A064-16B811EEF25E}.Debug|Any CPU.ActiveCfg = Debug|Any CPU
		{878E56D0-9921-4521-A064-16B811EEF25E}.Debug|Any CPU.Build.0 = Debug|Any CPU
		{878E56D0-9921-4521-A064-16B811EEF25E}.Release|Any CPU.ActiveCfg = Release|Any CPU
		{878E56D0-9921-4521-A064-16B811EEF25E}.Release|Any CPU.Build.0 = Release|Any CPU
	EndGlobalSection
	GlobalSection(SolutionProperties) = preSolution
		HideSolutionNode = FALSE
	EndGlobalSection
EndGlobal
