
Microsoft Visual Studio Solution File, Format Version 12.00
# Visual Studio 2013
VisualStudioVersion = 12.0.30501.0
MinimumVisualStudioVersion = 10.0.40219.1
Project("{FAE04EC0-301F-11D3-BF4B-00C04F79EFBC}") = "TriangleTyperConsoleApp", "TriangleTyperConsoleApp\TriangleTyperConsoleApp.csproj", "{0C42E88B-300A-4762-9F24-26E793297B6D}"
EndProject
Project("{FAE04EC0-301F-11D3-BF4B-00C04F79EFBC}") = "TriangleTyperUtils", "TriangleTyperUtils\TriangleTyperUtils.csproj", "{91212712-4C5C-41BE-B857-784263B47FFD}"
EndProject
Project("{FAE04EC0-301F-11D3-BF4B-00C04F79EFBC}") = "TriangleTyperUtilsTests", "TriangleTyperUtilsTests\TriangleTyperUtilsTests.csproj", "{747446F3-629F-4BF9-945E-2D7DBB949A28}"
EndProject
Global
	GlobalSection(SolutionConfigurationPlatforms) = preSolution
		Debug|Any CPU = Debug|Any CPU
		Release|Any CPU = Release|Any CPU
	EndGlobalSection
	GlobalSection(ProjectConfigurationPlatforms) = postSolution
		{0C42E88B-300A-4762-9F24-26E793297B6D}.Debug|Any CPU.ActiveCfg = Debug|Any CPU
		{0C42E88B-300A-4762-9F24-26E793297B6D}.Debug|Any CPU.Build.0 = Debug|Any CPU
		{0C42E88B-300A-4762-9F24-26E793297B6D}.Release|Any CPU.ActiveCfg = Release|Any CPU
		{0C42E88B-300A-4762-9F24-26E793297B6D}.Release|Any CPU.Build.0 = Release|Any CPU
		{91212712-4C5C-41BE-B857-784263B47FFD}.Debug|Any CPU.ActiveCfg = Debug|Any CPU
		{91212712-4C5C-41BE-B857-784263B47FFD}.Debug|Any CPU.Build.0 = Debug|Any CPU
		{91212712-4C5C-41BE-B857-784263B47FFD}.Release|Any CPU.ActiveCfg = Release|Any CPU
		{91212712-4C5C-41BE-B857-784263B47FFD}.Release|Any CPU.Build.0 = Release|Any CPU
		{747446F3-629F-4BF9-945E-2D7DBB949A28}.Debug|Any CPU.ActiveCfg = Debug|Any CPU
		{747446F3-629F-4BF9-945E-2D7DBB949A28}.Debug|Any CPU.Build.0 = Debug|Any CPU
		{747446F3-629F-4BF9-945E-2D7DBB949A28}.Release|Any CPU.ActiveCfg = Release|Any CPU
		{747446F3-629F-4BF9-945E-2D7DBB949A28}.Release|Any CPU.Build.0 = Release|Any CPU
	EndGlobalSection
	GlobalSection(SolutionProperties) = preSolution
		HideSolutionNode = FALSE
	EndGlobalSection
EndGlobal
