
Microsoft Visual Studio Solution File, Format Version 12.00
# Visual Studio 2013
VisualStudioVersion = 12.0.30501.0
MinimumVisualStudioVersion = 10.0.40219.1
Project("{FAE04EC0-301F-11D3-BF4B-00C04F79EFBC}") = "TriangleTyperConsoleAppProject", "TriangleTyperConsoleAppProject\TriangleTyperConsoleAppProject.csproj", "{76CBB953-7358-4DFE-9251-B19BBA7DA8F5}"
EndProject
Project("{FAE04EC0-301F-11D3-BF4B-00C04F79EFBC}") = "TriangleTyperUtils", "TriangleTyperUtils\TriangleTyperUtils.csproj", "{7ADC61AF-3728-4E3E-8BC4-19E958A08E6D}"
EndProject
Project("{FAE04EC0-301F-11D3-BF4B-00C04F79EFBC}") = "TriangleTyperUtilsTests", "TriangleTyperUtilsTests\TriangleTyperUtilsTests.csproj", "{D6018890-0177-4268-83AA-2F06C89FEED8}"
EndProject
Global
	GlobalSection(SolutionConfigurationPlatforms) = preSolution
		Debug|Any CPU = Debug|Any CPU
		Release|Any CPU = Release|Any CPU
	EndGlobalSection
	GlobalSection(ProjectConfigurationPlatforms) = postSolution
		{76CBB953-7358-4DFE-9251-B19BBA7DA8F5}.Debug|Any CPU.ActiveCfg = Debug|Any CPU
		{76CBB953-7358-4DFE-9251-B19BBA7DA8F5}.Debug|Any CPU.Build.0 = Debug|Any CPU
		{76CBB953-7358-4DFE-9251-B19BBA7DA8F5}.Release|Any CPU.ActiveCfg = Release|Any CPU
		{76CBB953-7358-4DFE-9251-B19BBA7DA8F5}.Release|Any CPU.Build.0 = Release|Any CPU
		{7ADC61AF-3728-4E3E-8BC4-19E958A08E6D}.Debug|Any CPU.ActiveCfg = Debug|Any CPU
		{7ADC61AF-3728-4E3E-8BC4-19E958A08E6D}.Debug|Any CPU.Build.0 = Debug|Any CPU
		{7ADC61AF-3728-4E3E-8BC4-19E958A08E6D}.Release|Any CPU.ActiveCfg = Release|Any CPU
		{7ADC61AF-3728-4E3E-8BC4-19E958A08E6D}.Release|Any CPU.Build.0 = Release|Any CPU
		{D6018890-0177-4268-83AA-2F06C89FEED8}.Debug|Any CPU.ActiveCfg = Debug|Any CPU
		{D6018890-0177-4268-83AA-2F06C89FEED8}.Debug|Any CPU.Build.0 = Debug|Any CPU
		{D6018890-0177-4268-83AA-2F06C89FEED8}.Release|Any CPU.ActiveCfg = Release|Any CPU
		{D6018890-0177-4268-83AA-2F06C89FEED8}.Release|Any CPU.Build.0 = Release|Any CPU
	EndGlobalSection
	GlobalSection(SolutionProperties) = preSolution
		HideSolutionNode = FALSE
	EndGlobalSection
EndGlobal
