
Microsoft Visual Studio Solution File, Format Version 12.00
# Visual Studio 2013
VisualStudioVersion = 12.0.30501.0
MinimumVisualStudioVersion = 10.0.40219.1
Project("{FAE04EC0-301F-11D3-BF4B-00C04F79EFBC}") = "Toothbrush Application - WF", "Toothbrush Application - WF\Toothbrush Application - WF.csproj", "{3F54F2A1-0458-48AE-B0E3-999D498FB9FD}"
EndProject
Global
	GlobalSection(SolutionConfigurationPlatforms) = preSolution
		Debug|Any CPU = Debug|Any CPU
		Release|Any CPU = Release|Any CPU
	EndGlobalSection
	GlobalSection(ProjectConfigurationPlatforms) = postSolution
		{3F54F2A1-0458-48AE-B0E3-999D498FB9FD}.Debug|Any CPU.ActiveCfg = Debug|Any CPU
		{3F54F2A1-0458-48AE-B0E3-999D498FB9FD}.Debug|Any CPU.Build.0 = Debug|Any CPU
		{3F54F2A1-0458-48AE-B0E3-999D498FB9FD}.Release|Any CPU.ActiveCfg = Release|Any CPU
		{3F54F2A1-0458-48AE-B0E3-999D498FB9FD}.Release|Any CPU.Build.0 = Release|Any CPU
	EndGlobalSection
	GlobalSection(SolutionProperties) = preSolution
		HideSolutionNode = FALSE
	EndGlobalSection
EndGlobal
