
Microsoft Visual Studio Solution File, Format Version 12.00
# Visual Studio 2013
VisualStudioVersion = 12.0.30501.0
MinimumVisualStudioVersion = 10.0.40219.1
Project("{FAE04EC0-301F-11D3-BF4B-00C04F79EFBC}") = "TriangleTyper", "TriangleTyper\TriangleTyper.csproj", "{DB5BBEB7-D6DB-444F-99DC-08DEBA7BCD40}"
EndProject
Project("{FAE04EC0-301F-11D3-BF4B-00C04F79EFBC}") = "TriangleTyperTests", "TriangleTyperTests\TriangleTyperTests.csproj", "{570175C7-6D23-4C27-AA34-36F8E741CCB4}"
EndProject
Global
	GlobalSection(SolutionConfigurationPlatforms) = preSolution
		Debug|Any CPU = Debug|Any CPU
		Release|Any CPU = Release|Any CPU
	EndGlobalSection
	GlobalSection(ProjectConfigurationPlatforms) = postSolution
		{DB5BBEB7-D6DB-444F-99DC-08DEBA7BCD40}.Debug|Any CPU.ActiveCfg = Debug|Any CPU
		{DB5BBEB7-D6DB-444F-99DC-08DEBA7BCD40}.Debug|Any CPU.Build.0 = Debug|Any CPU
		{DB5BBEB7-D6DB-444F-99DC-08DEBA7BCD40}.Release|Any CPU.ActiveCfg = Release|Any CPU
		{DB5BBEB7-D6DB-444F-99DC-08DEBA7BCD40}.Release|Any CPU.Build.0 = Release|Any CPU
		{570175C7-6D23-4C27-AA34-36F8E741CCB4}.Debug|Any CPU.ActiveCfg = Debug|Any CPU
		{570175C7-6D23-4C27-AA34-36F8E741CCB4}.Debug|Any CPU.Build.0 = Debug|Any CPU
		{570175C7-6D23-4C27-AA34-36F8E741CCB4}.Release|Any CPU.ActiveCfg = Release|Any CPU
		{570175C7-6D23-4C27-AA34-36F8E741CCB4}.Release|Any CPU.Build.0 = Release|Any CPU
	EndGlobalSection
	GlobalSection(SolutionProperties) = preSolution
		HideSolutionNode = FALSE
	EndGlobalSection
EndGlobal
