
Microsoft Visual Studio Solution File, Format Version 12.00
# Visual Studio 2013
VisualStudioVersion = 12.0.21005.1
MinimumVisualStudioVersion = 10.0.40219.1
Project("{FAE04EC0-301F-11D3-BF4B-00C04F79EFBC}") = "happybirthdaytoyou", "happybirthdaytoyou\happybirthdaytoyou.csproj", "{EAA1C18A-AC4B-4B33-8D48-8E03532D2C7F}"
EndProject
Global
	GlobalSection(SolutionConfigurationPlatforms) = preSolution
		Debug|Any CPU = Debug|Any CPU
		Release|Any CPU = Release|Any CPU
	EndGlobalSection
	GlobalSection(ProjectConfigurationPlatforms) = postSolution
		{EAA1C18A-AC4B-4B33-8D48-8E03532D2C7F}.Debug|Any CPU.ActiveCfg = Debug|Any CPU
		{EAA1C18A-AC4B-4B33-8D48-8E03532D2C7F}.Debug|Any CPU.Build.0 = Debug|Any CPU
		{EAA1C18A-AC4B-4B33-8D48-8E03532D2C7F}.Release|Any CPU.ActiveCfg = Release|Any CPU
		{EAA1C18A-AC4B-4B33-8D48-8E03532D2C7F}.Release|Any CPU.Build.0 = Release|Any CPU
	EndGlobalSection
	GlobalSection(SolutionProperties) = preSolution
		HideSolutionNode = FALSE
	EndGlobalSection
EndGlobal
