
Microsoft Visual Studio Solution File, Format Version 12.00
# Visual Studio 2013
VisualStudioVersion = 12.0.30501.0
MinimumVisualStudioVersion = 10.0.40219.1
Project("{FAE04EC0-301F-11D3-BF4B-00C04F79EFBC}") = "Session6_Sort_Example_Project", "Session6_Sort_Example_Project\Session6_Sort_Example_Project.csproj", "{2AE7C9F0-BDEC-4621-9D7D-ACEDAC3096DD}"
EndProject
Project("{FAE04EC0-301F-11D3-BF4B-00C04F79EFBC}") = "SortThings", "SortThings\SortThings.csproj", "{505457AA-5562-4389-91B6-F0D14E079527}"
EndProject
Global
	GlobalSection(SolutionConfigurationPlatforms) = preSolution
		Debug|Any CPU = Debug|Any CPU
		Release|Any CPU = Release|Any CPU
	EndGlobalSection
	GlobalSection(ProjectConfigurationPlatforms) = postSolution
		{2AE7C9F0-BDEC-4621-9D7D-ACEDAC3096DD}.Debug|Any CPU.ActiveCfg = Debug|Any CPU
		{2AE7C9F0-BDEC-4621-9D7D-ACEDAC3096DD}.Debug|Any CPU.Build.0 = Debug|Any CPU
		{2AE7C9F0-BDEC-4621-9D7D-ACEDAC3096DD}.Release|Any CPU.ActiveCfg = Release|Any CPU
		{2AE7C9F0-BDEC-4621-9D7D-ACEDAC3096DD}.Release|Any CPU.Build.0 = Release|Any CPU
		{505457AA-5562-4389-91B6-F0D14E079527}.Debug|Any CPU.ActiveCfg = Debug|Any CPU
		{505457AA-5562-4389-91B6-F0D14E079527}.Debug|Any CPU.Build.0 = Debug|Any CPU
		{505457AA-5562-4389-91B6-F0D14E079527}.Release|Any CPU.ActiveCfg = Release|Any CPU
		{505457AA-5562-4389-91B6-F0D14E079527}.Release|Any CPU.Build.0 = Release|Any CPU
	EndGlobalSection
	GlobalSection(SolutionProperties) = preSolution
		HideSolutionNode = FALSE
	EndGlobalSection
EndGlobal
