
Microsoft Visual Studio Solution File, Format Version 12.00
# Visual Studio 2013
VisualStudioVersion = 12.0.30501.0
MinimumVisualStudioVersion = 10.0.40219.1
Project("{FAE04EC0-301F-11D3-BF4B-00C04F79EFBC}") = "HW_4_1_Sopcak", "HW_4_1_Sopcak\HW_4_1_Sopcak.csproj", "{68159F44-CB29-422E-BFF2-BA34627FC898}"
EndProject
Global
	GlobalSection(SolutionConfigurationPlatforms) = preSolution
		Debug|Any CPU = Debug|Any CPU
		Release|Any CPU = Release|Any CPU
	EndGlobalSection
	GlobalSection(ProjectConfigurationPlatforms) = postSolution
		{68159F44-CB29-422E-BFF2-BA34627FC898}.Debug|Any CPU.ActiveCfg = Debug|Any CPU
		{68159F44-CB29-422E-BFF2-BA34627FC898}.Debug|Any CPU.Build.0 = Debug|Any CPU
		{68159F44-CB29-422E-BFF2-BA34627FC898}.Release|Any CPU.ActiveCfg = Release|Any CPU
		{68159F44-CB29-422E-BFF2-BA34627FC898}.Release|Any CPU.Build.0 = Release|Any CPU
	EndGlobalSection
	GlobalSection(SolutionProperties) = preSolution
		HideSolutionNode = FALSE
	EndGlobalSection
EndGlobal
