
Microsoft Visual Studio Solution File, Format Version 12.00
# Visual Studio 2013
VisualStudioVersion = 12.0.30501.0
MinimumVisualStudioVersion = 10.0.40219.1
Project("{FAE04EC0-301F-11D3-BF4B-00C04F79EFBC}") = "CalculatorBrain", "CalculatorBrain\CalculatorBrain.csproj", "{4402AA1C-6C0D-43DA-9D76-79B34C834C59}"
EndProject
Project("{FAE04EC0-301F-11D3-BF4B-00C04F79EFBC}") = "CalculatorBrainTests", "CalculatorBrainTests\CalculatorBrainTests.csproj", "{07E65FFF-B27E-4946-85B3-31DFEF3E5570}"
EndProject
Project("{FAE04EC0-301F-11D3-BF4B-00C04F79EFBC}") = "WindowsFormsApplication1", "WindowsFormsApplication1\WindowsFormsApplication1.csproj", "{FF878C9B-D11B-4C5F-8F89-A43F98653445}"
EndProject
Global
	GlobalSection(SolutionConfigurationPlatforms) = preSolution
		Debug|Any CPU = Debug|Any CPU
		Release|Any CPU = Release|Any CPU
	EndGlobalSection
	GlobalSection(ProjectConfigurationPlatforms) = postSolution
		{4402AA1C-6C0D-43DA-9D76-79B34C834C59}.Debug|Any CPU.ActiveCfg = Debug|Any CPU
		{4402AA1C-6C0D-43DA-9D76-79B34C834C59}.Debug|Any CPU.Build.0 = Debug|Any CPU
		{4402AA1C-6C0D-43DA-9D76-79B34C834C59}.Release|Any CPU.ActiveCfg = Release|Any CPU
		{4402AA1C-6C0D-43DA-9D76-79B34C834C59}.Release|Any CPU.Build.0 = Release|Any CPU
		{07E65FFF-B27E-4946-85B3-31DFEF3E5570}.Debug|Any CPU.ActiveCfg = Debug|Any CPU
		{07E65FFF-B27E-4946-85B3-31DFEF3E5570}.Debug|Any CPU.Build.0 = Debug|Any CPU
		{07E65FFF-B27E-4946-85B3-31DFEF3E5570}.Release|Any CPU.ActiveCfg = Release|Any CPU
		{07E65FFF-B27E-4946-85B3-31DFEF3E5570}.Release|Any CPU.Build.0 = Release|Any CPU
		{FF878C9B-D11B-4C5F-8F89-A43F98653445}.Debug|Any CPU.ActiveCfg = Debug|Any CPU
		{FF878C9B-D11B-4C5F-8F89-A43F98653445}.Debug|Any CPU.Build.0 = Debug|Any CPU
		{FF878C9B-D11B-4C5F-8F89-A43F98653445}.Release|Any CPU.ActiveCfg = Release|Any CPU
		{FF878C9B-D11B-4C5F-8F89-A43F98653445}.Release|Any CPU.Build.0 = Release|Any CPU
	EndGlobalSection
	GlobalSection(SolutionProperties) = preSolution
		HideSolutionNode = FALSE
	EndGlobalSection
EndGlobal
